
Microsoft Visual Studio Solution File, Format Version 12.00
# Visual Studio Version 17
VisualStudioVersion = 17.14.36518.9 d17.14
MinimumVisualStudioVersion = 10.0.40219.1
Project("{FAE04EC0-301F-11D3-BF4B-00C04F79EFBC}") = "pr_4", "pr_4\pr_4.csproj", "{744939C5-0A69-4E70-BAEF-3AA49552EA42}"
EndProject
Global
	GlobalSection(SolutionConfigurationPlatforms) = preSolution
		Debug|Any CPU = Debug|Any CPU
		Release|Any CPU = Release|Any CPU
	EndGlobalSection
	GlobalSection(ProjectConfigurationPlatforms) = postSolution
		{744939C5-0A69-4E70-BAEF-3AA49552EA42}.Debug|Any CPU.ActiveCfg = Debug|Any CPU
		{744939C5-0A69-4E70-BAEF-3AA49552EA42}.Debug|Any CPU.Build.0 = Debug|Any CPU
		{744939C5-0A69-4E70-BAEF-3AA49552EA42}.Release|Any CPU.ActiveCfg = Release|Any CPU
		{744939C5-0A69-4E70-BAEF-3AA49552EA42}.Release|Any CPU.Build.0 = Release|Any CPU
	EndGlobalSection
	GlobalSection(SolutionProperties) = preSolution
		HideSolutionNode = FALSE
	EndGlobalSection
	GlobalSection(ExtensibilityGlobals) = postSolution
		SolutionGuid = {298CCFD6-F5EE-4A7B-993C-D1ADDD21ED75}
	EndGlobalSection
EndGlobal
